
Microsoft Visual Studio Solution File, Format Version 12.00
# Visual Studio Version 17
VisualStudioVersion = 17.1.32228.430
MinimumVisualStudioVersion = 10.0.40219.1
Project("{FAE04EC0-301F-11D3-BF4B-00C04F79EFBC}") = "ZdravoCorp", "ZdravoCorp\ZdravoCorp.csproj", "{545C29C2-C4C1-4B1F-AEE4-3DC804A07761}"
EndProject
Global
	GlobalSection(SolutionConfigurationPlatforms) = preSolution
		Debug|Any CPU = Debug|Any CPU
		Release|Any CPU = Release|Any CPU
	EndGlobalSection
	GlobalSection(ProjectConfigurationPlatforms) = postSolution
		{545C29C2-C4C1-4B1F-AEE4-3DC804A07761}.Debug|Any CPU.ActiveCfg = Debug|Any CPU
		{545C29C2-C4C1-4B1F-AEE4-3DC804A07761}.Debug|Any CPU.Build.0 = Debug|Any CPU
		{545C29C2-C4C1-4B1F-AEE4-3DC804A07761}.Release|Any CPU.ActiveCfg = Release|Any CPU
		{545C29C2-C4C1-4B1F-AEE4-3DC804A07761}.Release|Any CPU.Build.0 = Release|Any CPU
	EndGlobalSection
	GlobalSection(SolutionProperties) = preSolution
		HideSolutionNode = FALSE
	EndGlobalSection
	GlobalSection(ExtensibilityGlobals) = postSolution
		SolutionGuid = {BFF9D0D7-036D-44B0-99DC-26AE7E46276C}
	EndGlobalSection
EndGlobal
